{
  "name": "demo",
  "version": "1.0.0",
  "lockfileVersion": 2,
  "requires": true,
  "packages": {
    "": {
      "name": "demo",
      "version": "1.0.0",
      "license": "ISC",
      "dependencies": {
        "vod-wx-sdk-v2": "^1.0.2"
      }
    },
    "node_modules/@xmldom/xmldom": {
      "version": "0.8.10",
      "resolved": "https://mirrors.tencent.com/npm/@xmldom/xmldom/-/xmldom-0.8.10.tgz",
      "integrity": "sha512-2WALfTl4xo2SkGCYRt6rDTFfk9R1czmBvUQy12gK2KuRKIpWEhcbbzy8EZXtz/jkRqHX8bFEc6FC1HjX4TUWYw==",
      "engines": {
        "node": ">=10.0.0"
      }
    },
    "node_modules/cos-wx-sdk-v5": {
      "version": "1.6.0",
      "resolved": "https://mirrors.tencent.com/npm/cos-wx-sdk-v5/-/cos-wx-sdk-v5-1.6.0.tgz",
      "integrity": "sha512-FvOsGwllO2ZeC3oIiaLHSMKYDH5AT+IhMyzzqbSW2iOtl/jgIq/IlYgIIExfzdiwl/t2/5bsiC4GgYM1i2qbKQ==",
      "dependencies": {
        "@xmldom/xmldom": "^0.8.6",
        "mime": "^2.4.6"
      }
    },
    "node_modules/mime": {
      "version": "2.6.0",
      "resolved": "https://mirrors.tencent.com/npm/mime/-/mime-2.6.0.tgz",
      "integrity": "sha512-USPkMeET31rOMiarsBNIHZKLGgvKc/LrjofAnBlOttf5ajRvqiRA8QsenbcooctK6d6Ts6aqZXBA+XbkKthiQg==",
      "bin": {
        "mime": "cli.js"
      },
      "engines": {
        "node": ">=4.0.0"
      }
    },
    "node_modules/vod-wx-sdk-v2": {
      "version": "1.1.2",
      "resolved": "https://mirrors.tencent.com/npm/vod-wx-sdk-v2/-/vod-wx-sdk-v2-1.1.2.tgz",
      "integrity": "sha512-U9ANppi0y+GjDLQsWNCMxawE1Ky+T7kTv8nfNB3Im8YxTZ4tq0Hz6jlUKK82gDi/C4CKaer5c00g6rH7CyaqMg==",
      "dependencies": {
        "cos-wx-sdk-v5": "^1.4.6"
      }
    }
  },
  "dependencies": {
    "@xmldom/xmldom": {
      "version": "0.8.10",
      "resolved": "https://mirrors.tencent.com/npm/@xmldom/xmldom/-/xmldom-0.8.10.tgz",
      "integrity": "sha512-2WALfTl4xo2SkGCYRt6rDTFfk9R1czmBvUQy12gK2KuRKIpWEhcbbzy8EZXtz/jkRqHX8bFEc6FC1HjX4TUWYw=="
    },
    "cos-wx-sdk-v5": {
      "version": "1.6.0",
      "resolved": "https://mirrors.tencent.com/npm/cos-wx-sdk-v5/-/cos-wx-sdk-v5-1.6.0.tgz",
      "integrity": "sha512-FvOsGwllO2ZeC3oIiaLHSMKYDH5AT+IhMyzzqbSW2iOtl/jgIq/IlYgIIExfzdiwl/t2/5bsiC4GgYM1i2qbKQ==",
      "requires": {
        "@xmldom/xmldom": "^0.8.6",
        "mime": "^2.4.6"
      }
    },
    "mime": {
      "version": "2.6.0",
      "resolved": "https://mirrors.tencent.com/npm/mime/-/mime-2.6.0.tgz",
      "integrity": "sha512-USPkMeET31rOMiarsBNIHZKLGgvKc/LrjofAnBlOttf5ajRvqiRA8QsenbcooctK6d6Ts6aqZXBA+XbkKthiQg=="
    },
    "vod-wx-sdk-v2": {
      "version": "1.1.2",
      "resolved": "https://mirrors.tencent.com/npm/vod-wx-sdk-v2/-/vod-wx-sdk-v2-1.1.2.tgz",
      "integrity": "sha512-U9ANppi0y+GjDLQsWNCMxawE1Ky+T7kTv8nfNB3Im8YxTZ4tq0Hz6jlUKK82gDi/C4CKaer5c00g6rH7CyaqMg==",
      "requires": {
        "cos-wx-sdk-v5": "^1.4.6"
      }
    }
  }
}
